
Microsoft Visual Studio Solution File, Format Version 12.00
# Visual Studio Version 17
VisualStudioVersion = 17.0.31903.59
MinimumVisualStudioVersion = 10.0.40219.1
Project("{9A19103F-16F7-4668-BE54-9A1E7A4F7556}") = "ParliranScripter.RrkPdfDownloder", "src\ParliranScripter.RrkPdfDownloder\ParliranScripter.RrkPdfDownloder.csproj", "{10E340F8-21C5-4B5C-B47B-4A919B81DF3F}"
EndProject
Project("{2150E333-8FDC-42A3-9474-1A3956D46DE8}") = "src", "src", "{4E0BCA20-4BD2-481A-A75F-B5EA30A36A4F}"
EndProject
Project("{2150E333-8FDC-42A3-9474-1A3956D46DE8}") = ".root", ".root", "{3C358023-0213-416B-8D07-CEF2814CB392}"
	ProjectSection(SolutionItems) = preProject
		.gitattributes = .gitattributes
		.gitignore = .gitignore
		LICENSE = LICENSE
		README.md = README.md
	EndProjectSection
EndProject
Project("{2150E333-8FDC-42A3-9474-1A3956D46DE8}") = ".github", ".github", "{83E8FF8D-93FF-457F-B647-2C724909306A}"
EndProject
Project("{2150E333-8FDC-42A3-9474-1A3956D46DE8}") = "workflows", "workflows", "{638E4212-F1A2-4C66-AB05-B3FA4CDBE9DB}"
	ProjectSection(SolutionItems) = preProject
		.github\workflows\dotnet.yml = .github\workflows\dotnet.yml
	EndProjectSection
EndProject
Global
	GlobalSection(SolutionConfigurationPlatforms) = preSolution
		Debug|Any CPU = Debug|Any CPU
		Release|Any CPU = Release|Any CPU
	EndGlobalSection
	GlobalSection(ProjectConfigurationPlatforms) = postSolution
		{10E340F8-21C5-4B5C-B47B-4A919B81DF3F}.Debug|Any CPU.ActiveCfg = Debug|Any CPU
		{10E340F8-21C5-4B5C-B47B-4A919B81DF3F}.Debug|Any CPU.Build.0 = Debug|Any CPU
		{10E340F8-21C5-4B5C-B47B-4A919B81DF3F}.Release|Any CPU.ActiveCfg = Release|Any CPU
		{10E340F8-21C5-4B5C-B47B-4A919B81DF3F}.Release|Any CPU.Build.0 = Release|Any CPU
	EndGlobalSection
	GlobalSection(SolutionProperties) = preSolution
		HideSolutionNode = FALSE
	EndGlobalSection
	GlobalSection(NestedProjects) = preSolution
		{10E340F8-21C5-4B5C-B47B-4A919B81DF3F} = {4E0BCA20-4BD2-481A-A75F-B5EA30A36A4F}
		{83E8FF8D-93FF-457F-B647-2C724909306A} = {3C358023-0213-416B-8D07-CEF2814CB392}
		{638E4212-F1A2-4C66-AB05-B3FA4CDBE9DB} = {83E8FF8D-93FF-457F-B647-2C724909306A}
	EndGlobalSection
	GlobalSection(ExtensibilityGlobals) = postSolution
		SolutionGuid = {201CC168-8500-4273-8002-0BEB07D007AF}
	EndGlobalSection
EndGlobal
